#MicroXplorer Configuration settings - do not modify
Mcu.Family=STM32F0
ProjectManager.MainLocation=Core/Src
PA6.Mode=G2_IO3-Channel
ProjectManager.ProjectFileName=tsc_test.ioc
PA7.Mode=G2_IO4-Channel
ProjectManager.KeepUserCode=true
Mcu.UserName=STM32F051R8Tx
Mcu.PinsNb=9
ProjectManager.NoMain=false
RCC.PLLCLKFreq_Value=8000000
ProjectManager.functionlistsort=1-MX_GPIO_Init-GPIO-false-HAL-true,2-SystemClock_Config-RCC-false-HAL-false,3-MX_TSC_Init-TSC-false-HAL-true
ProjectManager.DefaultFWLocation=true
NVIC.SVC_IRQn=true\:0\:0\:false\:false\:true\:false\:false
ProjectManager.DeletePrevious=true
PC5.Mode=G3_IO1-Sampling
TSC.ChannelIOs-G2_IO3-Channel=TSC_GROUP2_IO3
TSC.ChannelIOs-G3_IO3-Channel=TSC_GROUP3_IO3
PinOutPanel.RotationAngle=0
RCC.FamilyName=M
ProjectManager.StackSize=0x400
Mcu.IP2=SYS
Mcu.IP3=TSC
Mcu.IP0=NVIC
Mcu.IP1=RCC
Mcu.UserConstants=
ProjectManager.TargetToolchain=STM32CubeIDE
PA4.Mode=G2_IO1-Sampling
Mcu.ThirdPartyNb=0
Mcu.IPNb=4
ProjectManager.PreviousToolchain=STM32CubeIDE
Mcu.Pin6=PB1
Mcu.Pin7=PB2
ProjectManager.RegisterCallBack=
Mcu.Pin8=VP_SYS_VS_Systick
Mcu.Pin0=PA4
Mcu.Pin1=PA5
GPIO.groupedBy=
Mcu.Pin2=PA6
Mcu.Pin3=PA7
Mcu.Pin4=PC5
Mcu.Pin5=PB0
PA5.Signal=TSC_G2_IO2
ProjectManager.ProjectBuild=false
PB0.Mode=G3_IO2-Channel
PB2.Signal=TSC_G3_IO4
board=custom
NVIC.SysTick_IRQn=true\:0\:0\:false\:false\:true\:false\:true
ProjectManager.LastFirmware=true
ProjectManager.FirmwarePackage=STM32Cube FW_F0 V1.11.1
TSC.ChannelIOs-G2_IO4-Channel=TSC_GROUP2_IO4
TSC.ChannelIOs-G3_IO4-Channel=TSC_GROUP3_IO4
MxDb.Version=DB.6.0.0
ProjectManager.BackupPrevious=false
MxCube.Version=6.0.1
File.Version=6
VP_SYS_VS_Systick.Mode=SysTick
TSC.IPParameters=SamplingIOs-G2_IO1-Sampling,ChannelIOs-G2_IO2-Channel,ChannelIOs-G2_IO3-Channel,ChannelIOs-G2_IO4-Channel,SamplingIOs-G3_IO1-Sampling,ChannelIOs-G3_IO2-Channel,ChannelIOs-G3_IO3-Channel,ChannelIOs-G3_IO4-Channel
TSC.SamplingIOs-G3_IO1-Sampling=TSC_GROUP3_IO1
NVIC.NonMaskableInt_IRQn=true\:0\:0\:false\:false\:true\:false\:false
NVIC.PendSV_IRQn=true\:0\:0\:false\:false\:true\:false\:false
ProjectManager.FreePins=false
RCC.IPParameters=CECFreq_Value,FamilyName,HSICECFreq_Value,PLLCLKFreq_Value,PLLMCOFreq_Value,TimSysFreq_Value
ProjectManager.AskForMigrate=true
Mcu.Name=STM32F051R8Tx
ProjectManager.HalAssertFull=true
ProjectManager.ProjectName=tsc_test
ProjectManager.UnderRoot=true
RCC.HSICECFreq_Value=32786.88524590164
RCC.PLLMCOFreq_Value=4000000
ProjectManager.CoupleFile=true
PA4.Signal=TSC_G2_IO1
Mcu.Package=LQFP64
PA6.Signal=TSC_G2_IO3
PB1.Signal=TSC_G3_IO3
RCC.TimSysFreq_Value=8000000
NVIC.ForceEnableDMAVector=true
KeepUserPlacement=false
PB2.Mode=G3_IO4-Channel
ProjectManager.CompilerOptimize=6
ProjectManager.ToolChainLocation=
VP_SYS_VS_Systick.Signal=SYS_VS_Systick
ProjectManager.HeapSize=0x200
NVIC.HardFault_IRQn=true\:0\:0\:false\:false\:true\:false\:false
PB1.Mode=G3_IO3-Channel
ProjectManager.ComputerToolchain=false
TSC.SamplingIOs-G2_IO1-Sampling=TSC_GROUP2_IO1
RCC.CECFreq_Value=32786.88524590164
PC5.Signal=TSC_G3_IO1
TSC.ChannelIOs-G2_IO2-Channel=TSC_GROUP2_IO2
PB0.Signal=TSC_G3_IO2
TSC.ChannelIOs-G3_IO2-Channel=TSC_GROUP3_IO2
ProjectManager.CustomerFirmwarePackage=
ProjectManager.DeviceId=STM32F051R8Tx
ProjectManager.LibraryCopy=1
PA7.Signal=TSC_G2_IO4
PA5.Mode=G2_IO2-Channel
